
Microsoft Visual Studio Solution File, Format Version 12.00
# Visual Studio Version 17
VisualStudioVersion = 17.4.33205.214
MinimumVisualStudioVersion = 10.0.40219.1
Project("{FAE04EC0-301F-11D3-BF4B-00C04F79EFBC}") = "PaycheckHelp", "PaycheckHelp\PaycheckHelp.csproj", "{37BF342F-718C-41A2-BBC5-F136E393F252}"
EndProject
Global
	GlobalSection(SolutionConfigurationPlatforms) = preSolution
		Debug|Any CPU = Debug|Any CPU
		Release|Any CPU = Release|Any CPU
	EndGlobalSection
	GlobalSection(ProjectConfigurationPlatforms) = postSolution
		{37BF342F-718C-41A2-BBC5-F136E393F252}.Debug|Any CPU.ActiveCfg = Debug|Any CPU
		{37BF342F-718C-41A2-BBC5-F136E393F252}.Debug|Any CPU.Build.0 = Debug|Any CPU
		{37BF342F-718C-41A2-BBC5-F136E393F252}.Release|Any CPU.ActiveCfg = Release|Any CPU
		{37BF342F-718C-41A2-BBC5-F136E393F252}.Release|Any CPU.Build.0 = Release|Any CPU
	EndGlobalSection
	GlobalSection(SolutionProperties) = preSolution
		HideSolutionNode = FALSE
	EndGlobalSection
	GlobalSection(ExtensibilityGlobals) = postSolution
		SolutionGuid = {ED67A677-A1C6-4A3D-8A5C-7B33B2F554D4}
	EndGlobalSection
EndGlobal
